
Microsoft Visual Studio Solution File, Format Version 12.00
# Visual Studio Version 16
VisualStudioVersion = 16.0.30320.27
MinimumVisualStudioVersion = 10.0.40219.1
Project("{9A19103F-16F7-4668-BE54-9A1E7A4F7556}") = "simpleSqlDatabaseCrud", "simpleSqlDatabaseCrud.csproj", "{394493D3-F58E-4C7D-89AE-01762708C7F9}"
EndProject
Global
	GlobalSection(SolutionConfigurationPlatforms) = preSolution
		Debug|Any CPU = Debug|Any CPU
		Release|Any CPU = Release|Any CPU
	EndGlobalSection
	GlobalSection(ProjectConfigurationPlatforms) = postSolution
		{394493D3-F58E-4C7D-89AE-01762708C7F9}.Debug|Any CPU.ActiveCfg = Debug|Any CPU
		{394493D3-F58E-4C7D-89AE-01762708C7F9}.Debug|Any CPU.Build.0 = Debug|Any CPU
		{394493D3-F58E-4C7D-89AE-01762708C7F9}.Release|Any CPU.ActiveCfg = Release|Any CPU
		{394493D3-F58E-4C7D-89AE-01762708C7F9}.Release|Any CPU.Build.0 = Release|Any CPU
	EndGlobalSection
	GlobalSection(SolutionProperties) = preSolution
		HideSolutionNode = FALSE
	EndGlobalSection
	GlobalSection(ExtensibilityGlobals) = postSolution
		SolutionGuid = {6EE965F7-8362-4D84-87BB-E847E74CFEB0}
	EndGlobalSection
EndGlobal
